// !$*UTF8*$!
{
	archiveVersion = 1;
	classes = {
	};
	objectVersion = 50;
	objects = {

/* Begin PBXBuildFile section */
		06FF794527015CAC00CCD0B2 /* AppDelegate.swift in Sources */ = {isa = PBXBuildFile; fileRef = 06FF794427015CAC00CCD0B2 /* AppDelegate.swift */; };
		06FF794727015CAC00CCD0B2 /* SceneDelegate.swift in Sources */ = {isa = PBXBuildFile; fileRef = 06FF794627015CAC00CCD0B2 /* SceneDelegate.swift */; };
		06FF794927015CAC00CCD0B2 /* ViewController.swift in Sources */ = {isa = PBXBuildFile; fileRef = 06FF794827015CAC00CCD0B2 /* ViewController.swift */; };
		06FF794C27015CAC00CCD0B2 /* Main.storyboard in Resources */ = {isa = PBXBuildFile; fileRef = 06FF794A27015CAC00CCD0B2 /* Main.storyboard */; };
		06FF794E27015CAE00CCD0B2 /* Assets.xcassets in Resources */ = {isa = PBXBuildFile; fileRef = 06FF794D27015CAE00CCD0B2 /* Assets.xcassets */; };
		06FF795127015CAE00CCD0B2 /* LaunchScreen.storyboard in Resources */ = {isa = PBXBuildFile; fileRef = 06FF794F27015CAE00CCD0B2 /* LaunchScreen.storyboard */; };
		06FF795C27015CAE00CCD0B2 /* Gesture_Recognizer_Mini_AppTests.swift in Sources */ = {isa = PBXBuildFile; fileRef = 06FF795B27015CAE00CCD0B2 /* Gesture_Recognizer_Mini_AppTests.swift */; };
		06FF796727015CAE00CCD0B2 /* Gesture_Recognizer_Mini_AppUITests.swift in Sources */ = {isa = PBXBuildFile; fileRef = 06FF796627015CAE00CCD0B2 /* Gesture_Recognizer_Mini_AppUITests.swift */; };
/* End PBXBuildFile section */

/* Begin PBXContainerItemProxy section */
		06FF795827015CAE00CCD0B2 /* PBXContainerItemProxy */ = {
			isa = PBXContainerItemProxy;
			containerPortal = 06FF793927015CAC00CCD0B2 /* Project object */;
			proxyType = 1;
			remoteGlobalIDString = 06FF794027015CAC00CCD0B2;
			remoteInfo = "Gesture Recognizer Mini App";
		};
		06FF796327015CAE00CCD0B2 /* PBXContainerItemProxy */ = {
			isa = PBXContainerItemProxy;
			containerPortal = 06FF793927015CAC00CCD0B2 /* Project object */;
			proxyType = 1;
			remoteGlobalIDString = 06FF794027015CAC00CCD0B2;
			remoteInfo = "Gesture Recognizer Mini App";
		};
/* End PBXContainerItemProxy section */

/* Begin PBXFileReference section */
		06FF794127015CAC00CCD0B2 /* Gesture Recognizer Mini App.app */ = {isa = PBXFileReference; explicitFileType = wrapper.application; includeInIndex = 0; path = "Gesture Recognizer Mini App.app"; sourceTree = BUILT_PRODUCTS_DIR; };
		06FF794427015CAC00CCD0B2 /* AppDelegate.swift */ = {isa = PBXFileReference; lastKnownFileType = sourcecode.swift; path = AppDelegate.swift; sourceTree = "<group>"; };
		06FF794627015CAC00CCD0B2 /* SceneDelegate.swift */ = {isa = PBXFileReference; lastKnownFileType = sourcecode.swift; path = SceneDelegate.swift; sourceTree = "<group>"; };
		06FF794827015CAC00CCD0B2 /* ViewController.swift */ = {isa = PBXFileReference; lastKnownFileType = sourcecode.swift; path = ViewController.swift; sourceTree = "<group>"; };
		06FF794B27015CAC00CCD0B2 /* Base */ = {isa = PBXFileReference; lastKnownFileType = file.storyboard; name = Base; path = Base.lproj/Main.storyboard; sourceTree = "<group>"; };
		06FF794D27015CAE00CCD0B2 /* Assets.xcassets */ = {isa = PBXFileReference; lastKnownFileType = folder.assetcatalog; path = Assets.xcassets; sourceTree = "<group>"; };
		06FF795027015CAE00CCD0B2 /* Base */ = {isa = PBXFileReference; lastKnownFileType = file.storyboard; name = Base; path = Base.lproj/LaunchScreen.storyboard; sourceTree = "<group>"; };
		06FF795227015CAE00CCD0B2 /* Info.plist */ = {isa = PBXFileReference; lastKnownFileType = text.plist.xml; path = Info.plist; sourceTree = "<group>"; };
		06FF795727015CAE00CCD0B2 /* Gesture Recognizer Mini AppTests.xctest */ = {isa = PBXFileReference; explicitFileType = wrapper.cfbundle; includeInIndex = 0; path = "Gesture Recognizer Mini AppTests.xctest"; sourceTree = BUILT_PRODUCTS_DIR; };
		06FF795B27015CAE00CCD0B2 /* Gesture_Recognizer_Mini_AppTests.swift */ = {isa = PBXFileReference; lastKnownFileType = sourcecode.swift; path = Gesture_Recognizer_Mini_AppTests.swift; sourceTree = "<group>"; };
		06FF795D27015CAE00CCD0B2 /* Info.plist */ = {isa = PBXFileReference; lastKnownFileType = text.plist.xml; path = Info.plist; sourceTree = "<group>"; };
		06FF796227015CAE00CCD0B2 /* Gesture Recognizer Mini AppUITests.xctest */ = {isa = PBXFileReference; explicitFileType = wrapper.cfbundle; includeInIndex = 0; path = "Gesture Recognizer Mini AppUITests.xctest"; sourceTree = BUILT_PRODUCTS_DIR; };
		06FF796627015CAE00CCD0B2 /* Gesture_Recognizer_Mini_AppUITests.swift */ = {isa = PBXFileReference; lastKnownFileType = sourcecode.swift; path = Gesture_Recognizer_Mini_AppUITests.swift; sourceTree = "<group>"; };
		06FF796827015CAE00CCD0B2 /* Info.plist */ = {isa = PBXFileReference; lastKnownFileType = text.plist.xml; path = Info.plist; sourceTree = "<group>"; };
/* End PBXFileReference section */

/* Begin PBXFrameworksBuildPhase section */
		06FF793E27015CAC00CCD0B2 /* Frameworks */ = {
			isa = PBXFrameworksBuildPhase;
			buildActionMask = 2147483647;
			files = (
			);
			runOnlyForDeploymentPostprocessing = 0;
		};
		06FF795427015CAE00CCD0B2 /* Frameworks */ = {
			isa = PBXFrameworksBuildPhase;
			buildActionMask = 2147483647;
			files = (
			);
			runOnlyForDeploymentPostprocessing = 0;
		};
		06FF795F27015CAE00CCD0B2 /* Frameworks */ = {
			isa = PBXFrameworksBuildPhase;
			buildActionMask = 2147483647;
			files = (
			);
			runOnlyForDeploymentPostprocessing = 0;
		};
/* End PBXFrameworksBuildPhase section */

/* Begin PBXGroup section */
		06FF793827015CAC00CCD0B2 = {
			isa = PBXGroup;
			children = (
				06FF794327015CAC00CCD0B2 /* Gesture Recognizer Mini App */,
				06FF795A27015CAE00CCD0B2 /* Gesture Recognizer Mini AppTests */,
				06FF796527015CAE00CCD0B2 /* Gesture Recognizer Mini AppUITests */,
				06FF794227015CAC00CCD0B2 /* Products */,
			);
			sourceTree = "<group>";
		};
		06FF794227015CAC00CCD0B2 /* Products */ = {
			isa = PBXGroup;
			children = (
				06FF794127015CAC00CCD0B2 /* Gesture Recognizer Mini App.app */,
				06FF795727015CAE00CCD0B2 /* Gesture Recognizer Mini AppTests.xctest */,
				06FF796227015CAE00CCD0B2 /* Gesture Recognizer Mini AppUITests.xctest */,
			);
			name = Products;
			sourceTree = "<group>";
		};
		06FF794327015CAC00CCD0B2 /* Gesture Recognizer Mini App */ = {
			isa = PBXGroup;
			children = (
				06FF794427015CAC00CCD0B2 /* AppDelegate.swift */,
				06FF794627015CAC00CCD0B2 /* SceneDelegate.swift */,
				06FF794827015CAC00CCD0B2 /* ViewController.swift */,
				06FF794A27015CAC00CCD0B2 /* Main.storyboard */,
				06FF794D27015CAE00CCD0B2 /* Assets.xcassets */,
				06FF794F27015CAE00CCD0B2 /* LaunchScreen.storyboard */,
				06FF795227015CAE00CCD0B2 /* Info.plist */,
			);
			path = "Gesture Recognizer Mini App";
			sourceTree = "<group>";
		};
		06FF795A27015CAE00CCD0B2 /* Gesture Recognizer Mini AppTests */ = {
			isa = PBXGroup;
			children = (
				06FF795B27015CAE00CCD0B2 /* Gesture_Recognizer_Mini_AppTests.swift */,
				06FF795D27015CAE00CCD0B2 /* Info.plist */,
			);
			path = "Gesture Recognizer Mini AppTests";
			sourceTree = "<group>";
		};
		06FF796527015CAE00CCD0B2 /* Gesture Recognizer Mini AppUITests */ = {
			isa = PBXGroup;
			children = (
				06FF796627015CAE00CCD0B2 /* Gesture_Recognizer_Mini_AppUITests.swift */,
				06FF796827015CAE00CCD0B2 /* Info.plist */,
			);
			path = "Gesture Recognizer Mini AppUITests";
			sourceTree = "<group>";
		};
/* End PBXGroup section */

/* Begin PBXNativeTarget section */
		06FF794027015CAC00CCD0B2 /* Gesture Recognizer Mini App */ = {
			isa = PBXNativeTarget;
			buildConfigurationList = 06FF796B27015CAE00CCD0B2 /* Build configuration list for PBXNativeTarget "Gesture Recognizer Mini App" */;
			buildPhases = (
				06FF793D27015CAC00CCD0B2 /* Sources */,
				06FF793E27015CAC00CCD0B2 /* Frameworks */,
				06FF793F27015CAC00CCD0B2 /* Resources */,
			);
			buildRules = (
			);
			dependencies = (
			);
			name = "Gesture Recognizer Mini App";
			productName = "Gesture Recognizer Mini App";
			productReference = 06FF794127015CAC00CCD0B2 /* Gesture Recognizer Mini App.app */;
			productType = "com.apple.product-type.application";
		};
		06FF795627015CAE00CCD0B2 /* Gesture Recognizer Mini AppTests */ = {
			isa = PBXNativeTarget;
			buildConfigurationList = 06FF796E27015CAE00CCD0B2 /* Build configuration list for PBXNativeTarget "Gesture Recognizer Mini AppTests" */;
			buildPhases = (
				06FF795327015CAE00CCD0B2 /* Sources */,
				06FF795427015CAE00CCD0B2 /* Frameworks */,
				06FF795527015CAE00CCD0B2 /* Resources */,
			);
			buildRules = (
			);
			dependencies = (
				06FF795927015CAE00CCD0B2 /* PBXTargetDependency */,
			);
			name = "Gesture Recognizer Mini AppTests";
			productName = "Gesture Recognizer Mini AppTests";
			productReference = 06FF795727015CAE00CCD0B2 /* Gesture Recognizer Mini AppTests.xctest */;
			productType = "com.apple.product-type.bundle.unit-test";
		};
		06FF796127015CAE00CCD0B2 /* Gesture Recognizer Mini AppUITests */ = {
			isa = PBXNativeTarget;
			buildConfigurationList = 06FF797127015CAE00CCD0B2 /* Build configuration list for PBXNativeTarget "Gesture Recognizer Mini AppUITests" */;
			buildPhases = (
				06FF795E27015CAE00CCD0B2 /* Sources */,
				06FF795F27015CAE00CCD0B2 /* Frameworks */,
				06FF796027015CAE00CCD0B2 /* Resources */,
			);
			buildRules = (
			);
			dependencies = (
				06FF796427015CAE00CCD0B2 /* PBXTargetDependency */,
			);
			name = "Gesture Recognizer Mini AppUITests";
			productName = "Gesture Recognizer Mini AppUITests";
			productReference = 06FF796227015CAE00CCD0B2 /* Gesture Recognizer Mini AppUITests.xctest */;
			productType = "com.apple.product-type.bundle.ui-testing";
		};
/* End PBXNativeTarget section */

/* Begin PBXProject section */
		06FF793927015CAC00CCD0B2 /* Project object */ = {
			isa = PBXProject;
			attributes = {
				LastSwiftUpdateCheck = 1250;
				LastUpgradeCheck = 1250;
				TargetAttributes = {
					06FF794027015CAC00CCD0B2 = {
						CreatedOnToolsVersion = 12.5.1;
					};
					06FF795627015CAE00CCD0B2 = {
						CreatedOnToolsVersion = 12.5.1;
						TestTargetID = 06FF794027015CAC00CCD0B2;
					};
					06FF796127015CAE00CCD0B2 = {
						CreatedOnToolsVersion = 12.5.1;
						TestTargetID = 06FF794027015CAC00CCD0B2;
					};
				};
			};
			buildConfigurationList = 06FF793C27015CAC00CCD0B2 /* Build configuration list for PBXProject "Gesture Recognizer Mini App" */;
			compatibilityVersion = "Xcode 9.3";
			developmentRegion = en;
			hasScannedForEncodings = 0;
			knownRegions = (
				en,
				Base,
			);
			mainGroup = 06FF793827015CAC00CCD0B2;
			productRefGroup = 06FF794227015CAC00CCD0B2 /* Products */;
			projectDirPath = "";
			projectRoot = "";
			targets = (
				06FF794027015CAC00CCD0B2 /* Gesture Recognizer Mini App */,
				06FF795627015CAE00CCD0B2 /* Gesture Recognizer Mini AppTests */,
				06FF796127015CAE00CCD0B2 /* Gesture Recognizer Mini AppUITests */,
			);
		};
/* End PBXProject section */

/* Begin PBXResourcesBuildPhase section */
		06FF793F27015CAC00CCD0B2 /* Resources */ = {
			isa = PBXResourcesBuildPhase;
			buildActionMask = 2147483647;
			files = (
				06FF795127015CAE00CCD0B2 /* LaunchScreen.storyboard in Resources */,
				06FF794E27015CAE00CCD0B2 /* Assets.xcassets in Resources */,
				06FF794C27015CAC00CCD0B2 /* Main.storyboard in Resources */,
			);
			runOnlyForDeploymentPostprocessing = 0;
		};
		06FF795527015CAE00CCD0B2 /* Resources */ = {
			isa = PBXResourcesBuildPhase;
			buildActionMask = 2147483647;
			files = (
			);
			runOnlyForDeploymentPostprocessing = 0;
		};
		06FF796027015CAE00CCD0B2 /* Resources */ = {
			isa = PBXResourcesBuildPhase;
			buildActionMask = 2147483647;
			files = (
			);
			runOnlyForDeploymentPostprocessing = 0;
		};
/* End PBXResourcesBuildPhase section */

/* Begin PBXSourcesBuildPhase section */
		06FF793D27015CAC00CCD0B2 /* Sources */ = {
			isa = PBXSourcesBuildPhase;
			buildActionMask = 2147483647;
			files = (
				06FF794927015CAC00CCD0B2 /* ViewController.swift in Sources */,
				06FF794527015CAC00CCD0B2 /* AppDelegate.swift in Sources */,
				06FF794727015CAC00CCD0B2 /* SceneDelegate.swift in Sources */,
			);
			runOnlyForDeploymentPostprocessing = 0;
		};
		06FF795327015CAE00CCD0B2 /* Sources */ = {
			isa = PBXSourcesBuildPhase;
			buildActionMask = 2147483647;
			files = (
				06FF795C27015CAE00CCD0B2 /* Gesture_Recognizer_Mini_AppTests.swift in Sources */,
			);
			runOnlyForDeploymentPostprocessing = 0;
		};
		06FF795E27015CAE00CCD0B2 /* Sources */ = {
			isa = PBXSourcesBuildPhase;
			buildActionMask = 2147483647;
			files = (
				06FF796727015CAE00CCD0B2 /* Gesture_Recognizer_Mini_AppUITests.swift in Sources */,
			);
			runOnlyForDeploymentPostprocessing = 0;
		};
/* End PBXSourcesBuildPhase section */

/* Begin PBXTargetDependency section */
		06FF795927015CAE00CCD0B2 /* PBXTargetDependency */ = {
			isa = PBXTargetDependency;
			target = 06FF794027015CAC00CCD0B2 /* Gesture Recognizer Mini App */;
			targetProxy = 06FF795827015CAE00CCD0B2 /* PBXContainerItemProxy */;
		};
		06FF796427015CAE00CCD0B2 /* PBXTargetDependency */ = {
			isa = PBXTargetDependency;
			target = 06FF794027015CAC00CCD0B2 /* Gesture Recognizer Mini App */;
			targetProxy = 06FF796327015CAE00CCD0B2 /* PBXContainerItemProxy */;
		};
/* End PBXTargetDependency section */

/* Begin PBXVariantGroup section */
		06FF794A27015CAC00CCD0B2 /* Main.storyboard */ = {
			isa = PBXVariantGroup;
			children = (
				06FF794B27015CAC00CCD0B2 /* Base */,
			);
			name = Main.storyboard;
			sourceTree = "<group>";
		};
		06FF794F27015CAE00CCD0B2 /* LaunchScreen.storyboard */ = {
			isa = PBXVariantGroup;
			children = (
				06FF795027015CAE00CCD0B2 /* Base */,
			);
			name = LaunchScreen.storyboard;
			sourceTree = "<group>";
		};
/* End PBXVariantGroup section */

/* Begin XCBuildConfiguration section */
		06FF796927015CAE00CCD0B2 /* Debug */ = {
			isa = XCBuildConfiguration;
			buildSettings = {
				ALWAYS_SEARCH_USER_PATHS = NO;
				CLANG_ANALYZER_NONNULL = YES;
				CLANG_ANALYZER_NUMBER_OBJECT_CONVERSION = YES_AGGRESSIVE;
				CLANG_CXX_LANGUAGE_STANDARD = "gnu++14";
				CLANG_CXX_LIBRARY = "libc++";
				CLANG_ENABLE_MODULES = YES;
				CLANG_ENABLE_OBJC_ARC = YES;
				CLANG_ENABLE_OBJC_WEAK = YES;
				CLANG_WARN_BLOCK_CAPTURE_AUTORELEASING = YES;
				CLANG_WARN_BOOL_CONVERSION = YES;
				CLANG_WARN_COMMA = YES;
				CLANG_WARN_CONSTANT_CONVERSION = YES;
				CLANG_WARN_DEPRECATED_OBJC_IMPLEMENTATIONS = YES;
				CLANG_WARN_DIRECT_OBJC_ISA_USAGE = YES_ERROR;
				CLANG_WARN_DOCUMENTATION_COMMENTS = YES;
				CLANG_WARN_EMPTY_BODY = YES;
				CLANG_WARN_ENUM_CONVERSION = YES;
				CLANG_WARN_INFINITE_RECURSION = YES;
				CLANG_WARN_INT_CONVERSION = YES;
				CLANG_WARN_NON_LITERAL_NULL_CONVERSION = YES;
				CLANG_WARN_OBJC_IMPLICIT_RETAIN_SELF = YES;
				CLANG_WARN_OBJC_LITERAL_CONVERSION = YES;
				CLANG_WARN_OBJC_ROOT_CLASS = YES_ERROR;
				CLANG_WARN_QUOTED_INCLUDE_IN_FRAMEWORK_HEADER = YES;
				CLANG_WARN_RANGE_LOOP_ANALYSIS = YES;
				CLANG_WARN_STRICT_PROTOTYPES = YES;
				CLANG_WARN_SUSPICIOUS_MOVE = YES;
				CLANG_WARN_UNGUARDED_AVAILABILITY = YES_AGGRESSIVE;
				CLANG_WARN_UNREACHABLE_CODE = YES;
				CLANG_WARN__DUPLICATE_METHOD_MATCH = YES;
				COPY_PHASE_STRIP = NO;
				DEBUG_INFORMATION_FORMAT = dwarf;
				ENABLE_STRICT_OBJC_MSGSEND = YES;
				ENABLE_TESTABILITY = YES;
				GCC_C_LANGUAGE_STANDARD = gnu11;
				GCC_DYNAMIC_NO_PIC = NO;
				GCC_NO_COMMON_BLOCKS = YES;
				GCC_OPTIMIZATION_LEVEL = 0;
				GCC_PREPROCESSOR_DEFINITIONS = (
					"DEBUG=1",
					"$(inherited)",
				);
				GCC_WARN_64_TO_32_BIT_CONVERSION = YES;
				GCC_WARN_ABOUT_RETURN_TYPE = YES_ERROR;
				GCC_WARN_UNDECLARED_SELECTOR = YES;
				GCC_WARN_UNINITIALIZED_AUTOS = YES_AGGRESSIVE;
				GCC_WARN_UNUSED_FUNCTION = YES;
				GCC_WARN_UNUSED_VARIABLE = YES;
				IPHONEOS_DEPLOYMENT_TARGET = 14.5;
				MTL_ENABLE_DEBUG_INFO = INCLUDE_SOURCE;
				MTL_FAST_MATH = YES;
				ONLY_ACTIVE_ARCH = YES;
				SDKROOT = iphoneos;
				SWIFT_ACTIVE_COMPILATION_CONDITIONS = DEBUG;
				SWIFT_OPTIMIZATION_LEVEL = "-Onone";
			};
			name = Debug;
		};
		06FF796A27015CAE00CCD0B2 /* Release */ = {
			isa = XCBuildConfiguration;
			buildSettings = {
				ALWAYS_SEARCH_USER_PATHS = NO;
				CLANG_ANALYZER_NONNULL = YES;
				CLANG_ANALYZER_NUMBER_OBJECT_CONVERSION = YES_AGGRESSIVE;
				CLANG_CXX_LANGUAGE_STANDARD = "gnu++14";
				CLANG_CXX_LIBRARY = "libc++";
				CLANG_ENABLE_MODULES = YES;
				CLANG_ENABLE_OBJC_ARC = YES;
				CLANG_ENABLE_OBJC_WEAK = YES;
				CLANG_WARN_BLOCK_CAPTURE_AUTORELEASING = YES;
				CLANG_WARN_BOOL_CONVERSION = YES;
				CLANG_WARN_COMMA = YES;
				CLANG_WARN_CONSTANT_CONVERSION = YES;
				CLANG_WARN_DEPRECATED_OBJC_IMPLEMENTATIONS = YES;
				CLANG_WARN_DIRECT_OBJC_ISA_USAGE = YES_ERROR;
				CLANG_WARN_DOCUMENTATION_COMMENTS = YES;
				CLANG_WARN_EMPTY_BODY = YES;
				CLANG_WARN_ENUM_CONVERSION = YES;
				CLANG_WARN_INFINITE_RECURSION = YES;
				CLANG_WARN_INT_CONVERSION = YES;
				CLANG_WARN_NON_LITERAL_NULL_CONVERSION = YES;
				CLANG_WARN_OBJC_IMPLICIT_RETAIN_SELF = YES;
				CLANG_WARN_OBJC_LITERAL_CONVERSION = YES;
				CLANG_WARN_OBJC_ROOT_CLASS = YES_ERROR;
				CLANG_WARN_QUOTED_INCLUDE_IN_FRAMEWORK_HEADER = YES;
				CLANG_WARN_RANGE_LOOP_ANALYSIS = YES;
				CLANG_WARN_STRICT_PROTOTYPES = YES;
				CLANG_WARN_SUSPICIOUS_MOVE = YES;
				CLANG_WARN_UNGUARDED_AVAILABILITY = YES_AGGRESSIVE;
				CLANG_WARN_UNREACHABLE_CODE = YES;
				CLANG_WARN__DUPLICATE_METHOD_MATCH = YES;
				COPY_PHASE_STRIP = NO;
				DEBUG_INFORMATION_FORMAT = "dwarf-with-dsym";
				ENABLE_NS_ASSERTIONS = NO;
				ENABLE_STRICT_OBJC_MSGSEND = YES;
				GCC_C_LANGUAGE_STANDARD = gnu11;
				GCC_NO_COMMON_BLOCKS = YES;
				GCC_WARN_64_TO_32_BIT_CONVERSION = YES;
				GCC_WARN_ABOUT_RETURN_TYPE = YES_ERROR;
				GCC_WARN_UNDECLARED_SELECTOR = YES;
				GCC_WARN_UNINITIALIZED_AUTOS = YES_AGGRESSIVE;
				GCC_WARN_UNUSED_FUNCTION = YES;
				GCC_WARN_UNUSED_VARIABLE = YES;
				IPHONEOS_DEPLOYMENT_TARGET = 14.5;
				MTL_ENABLE_DEBUG_INFO = NO;
				MTL_FAST_MATH = YES;
				SDKROOT = iphoneos;
				SWIFT_COMPILATION_MODE = wholemodule;
				SWIFT_OPTIMIZATION_LEVEL = "-O";
				VALIDATE_PRODUCT = YES;
			};
			name = Release;
		};
		06FF796C27015CAE00CCD0B2 /* Debug */ = {
			isa = XCBuildConfiguration;
			buildSettings = {
				ASSETCATALOG_COMPILER_APPICON_NAME = AppIcon;
				ASSETCATALOG_COMPILER_GLOBAL_ACCENT_COLOR_NAME = AccentColor;
				CODE_SIGN_STYLE = Automatic;
				DEVELOPMENT_TEAM = XFUR3T8U8Y;
				INFOPLIST_FILE = "Gesture Recognizer Mini App/Info.plist";
				LD_RUNPATH_SEARCH_PATHS = (
					"$(inherited)",
					"@executable_path/Frameworks",
				);
				PRODUCT_BUNDLE_IDENTIFIER = "clc.Gesture-Recognizer-Mini-App";
				PRODUCT_NAME = "$(TARGET_NAME)";
				SWIFT_VERSION = 5.0;
				TARGETED_DEVICE_FAMILY = "1,2";
			};
			name = Debug;
		};
		06FF796D27015CAE00CCD0B2 /* Release */ = {
			isa = XCBuildConfiguration;
			buildSettings = {
				ASSETCATALOG_COMPILER_APPICON_NAME = AppIcon;
				ASSETCATALOG_COMPILER_GLOBAL_ACCENT_COLOR_NAME = AccentColor;
				CODE_SIGN_STYLE = Automatic;
				DEVELOPMENT_TEAM = XFUR3T8U8Y;
				INFOPLIST_FILE = "Gesture Recognizer Mini App/Info.plist";
				LD_RUNPATH_SEARCH_PATHS = (
					"$(inherited)",
					"@executable_path/Frameworks",
				);
				PRODUCT_BUNDLE_IDENTIFIER = "clc.Gesture-Recognizer-Mini-App";
				PRODUCT_NAME = "$(TARGET_NAME)";
				SWIFT_VERSION = 5.0;
				TARGETED_DEVICE_FAMILY = "1,2";
			};
			name = Release;
		};
		06FF796F27015CAE00CCD0B2 /* Debug */ = {
			isa = XCBuildConfiguration;
			buildSettings = {
				ALWAYS_EMBED_SWIFT_STANDARD_LIBRARIES = YES;
				BUNDLE_LOADER = "$(TEST_HOST)";
				CODE_SIGN_STYLE = Automatic;
				DEVELOPMENT_TEAM = XFUR3T8U8Y;
				INFOPLIST_FILE = "Gesture Recognizer Mini AppTests/Info.plist";
				IPHONEOS_DEPLOYMENT_TARGET = 14.5;
				LD_RUNPATH_SEARCH_PATHS = (
					"$(inherited)",
					"@executable_path/Frameworks",
					"@loader_path/Frameworks",
				);
				PRODUCT_BUNDLE_IDENTIFIER = "clc.Gesture-Recognizer-Mini-AppTests";
				PRODUCT_NAME = "$(TARGET_NAME)";
				SWIFT_VERSION = 5.0;
				TARGETED_DEVICE_FAMILY = "1,2";
				TEST_HOST = "$(BUILT_PRODUCTS_DIR)/Gesture Recognizer Mini App.app/Gesture Recognizer Mini App";
			};
			name = Debug;
		};
		06FF797027015CAE00CCD0B2 /* Release */ = {
			isa = XCBuildConfiguration;
			buildSettings = {
				ALWAYS_EMBED_SWIFT_STANDARD_LIBRARIES = YES;
				BUNDLE_LOADER = "$(TEST_HOST)";
				CODE_SIGN_STYLE = Automatic;
				DEVELOPMENT_TEAM = XFUR3T8U8Y;
				INFOPLIST_FILE = "Gesture Recognizer Mini AppTests/Info.plist";
				IPHONEOS_DEPLOYMENT_TARGET = 14.5;
				LD_RUNPATH_SEARCH_PATHS = (
					"$(inherited)",
					"@executable_path/Frameworks",
					"@loader_path/Frameworks",
				);
				PRODUCT_BUNDLE_IDENTIFIER = "clc.Gesture-Recognizer-Mini-AppTests";
				PRODUCT_NAME = "$(TARGET_NAME)";
				SWIFT_VERSION = 5.0;
				TARGETED_DEVICE_FAMILY = "1,2";
				TEST_HOST = "$(BUILT_PRODUCTS_DIR)/Gesture Recognizer Mini App.app/Gesture Recognizer Mini App";
			};
			name = Release;
		};
		06FF797227015CAE00CCD0B2 /* Debug */ = {
			isa = XCBuildConfiguration;
			buildSettings = {
				ALWAYS_EMBED_SWIFT_STANDARD_LIBRARIES = YES;
				CODE_SIGN_STYLE = Automatic;
				DEVELOPMENT_TEAM = XFUR3T8U8Y;
				INFOPLIST_FILE = "Gesture Recognizer Mini AppUITests/Info.plist";
				LD_RUNPATH_SEARCH_PATHS = (
					"$(inherited)",
					"@executable_path/Frameworks",
					"@loader_path/Frameworks",
				);
				PRODUCT_BUNDLE_IDENTIFIER = "clc.Gesture-Recognizer-Mini-AppUITests";
				PRODUCT_NAME = "$(TARGET_NAME)";
				SWIFT_VERSION = 5.0;
				TARGETED_DEVICE_FAMILY = "1,2";
				TEST_TARGET_NAME = "Gesture Recognizer Mini App";
			};
			name = Debug;
		};
		06FF797327015CAE00CCD0B2 /* Release */ = {
			isa = XCBuildConfiguration;
			buildSettings = {
				ALWAYS_EMBED_SWIFT_STANDARD_LIBRARIES = YES;
				CODE_SIGN_STYLE = Automatic;
				DEVELOPMENT_TEAM = XFUR3T8U8Y;
				INFOPLIST_FILE = "Gesture Recognizer Mini AppUITests/Info.plist";
				LD_RUNPATH_SEARCH_PATHS = (
					"$(inherited)",
					"@executable_path/Frameworks",
					"@loader_path/Frameworks",
				);
				PRODUCT_BUNDLE_IDENTIFIER = "clc.Gesture-Recognizer-Mini-AppUITests";
				PRODUCT_NAME = "$(TARGET_NAME)";
				SWIFT_VERSION = 5.0;
				TARGETED_DEVICE_FAMILY = "1,2";
				TEST_TARGET_NAME = "Gesture Recognizer Mini App";
			};
			name = Release;
		};
/* End XCBuildConfiguration section */

/* Begin XCConfigurationList section */
		06FF793C27015CAC00CCD0B2 /* Build configuration list for PBXProject "Gesture Recognizer Mini App" */ = {
			isa = XCConfigurationList;
			buildConfigurations = (
				06FF796927015CAE00CCD0B2 /* Debug */,
				06FF796A27015CAE00CCD0B2 /* Release */,
			);
			defaultConfigurationIsVisible = 0;
			defaultConfigurationName = Release;
		};
		06FF796B27015CAE00CCD0B2 /* Build configuration list for PBXNativeTarget "Gesture Recognizer Mini App" */ = {
			isa = XCConfigurationList;
			buildConfigurations = (
				06FF796C27015CAE00CCD0B2 /* Debug */,
				06FF796D27015CAE00CCD0B2 /* Release */,
			);
			defaultConfigurationIsVisible = 0;
			defaultConfigurationName = Release;
		};
		06FF796E27015CAE00CCD0B2 /* Build configuration list for PBXNativeTarget "Gesture Recognizer Mini AppTests" */ = {
			isa = XCConfigurationList;
			buildConfigurations = (
				06FF796F27015CAE00CCD0B2 /* Debug */,
				06FF797027015CAE00CCD0B2 /* Release */,
			);
			defaultConfigurationIsVisible = 0;
			defaultConfigurationName = Release;
		};
		06FF797127015CAE00CCD0B2 /* Build configuration list for PBXNativeTarget "Gesture Recognizer Mini AppUITests" */ = {
			isa = XCConfigurationList;
			buildConfigurations = (
				06FF797227015CAE00CCD0B2 /* Debug */,
				06FF797327015CAE00CCD0B2 /* Release */,
			);
			defaultConfigurationIsVisible = 0;
			defaultConfigurationName = Release;
		};
/* End XCConfigurationList section */
	};
	rootObject = 06FF793927015CAC00CCD0B2 /* Project object */;
}
